{
    "name": "hello_world",
    "version": "1.0.0",
    "lockfileVersion": 3,
    "requires": true,
    "packages": {
        "": {
            "name": "hello_world",
            "version": "1.0.0",
            "license": "MIT",
            "dependencies": {
                "express": "^5.1.0"
            }
        },
        "node_modules/accepts": {
            "version": "2.0.0",
            "resolved": "https://registry.npmjs.org/accepts/-/accepts-2.0.0.tgz",
            "integrity": "sha512-mqjq9L3Smp6nFQz4+5/Zg6CPd2GEfXlLdZFnIi5jjx5VuXuaqqf6J4jGKGNFZHr2Ci2K9lOH6EzO8gOBmPacgw==",
            "license": "MIT",
            "dependencies": {
                "mime-types": "^3.0.0",
                "negotiator": "^1.0.0"
            },
            "engines": {
                "node": ">= 18"
            }
        },
        "node_modules/array-flatten": {
            "version": "2.1.2",
            "resolved": "https://registry.npmjs.org/array-flatten/-/array-flatten-2.1.2.tgz",
            "integrity": "sha512-hNfzcOV8W4NdualtqBFPyVO+54DSJuZGY9qT4pRroB6S9e3iiido2ISIC5h9R2sPJ8H3FHCIiEnsv1lPXO3KtQ==",
            "license": "MIT"
        },
        "node_modules/body-parser": {
            "version": "2.2.0",
            "resolved": "https://registry.npmjs.org/body-parser/-/body-parser-2.2.0.tgz",
            "integrity": "sha512-CJW68aqijC0P7qMo7Z+r0D6OZDh1m6y2yyaxJuBVRiIcYbMLvEgJJcyLKYZPOl4qRmPv+aNHvXvO1zJvAFUHQ==",
            "license": "MIT",
            "dependencies": {
                "bytes": "^4.0.0",
                "content-type": "^1.0.5",
                "debug": "^4.3.6",
                "depd": "^2.0.0",
                "destroy": "^1.2.0",
                "http-errors": "^2.0.0",
                "media-typer": "^1.1.0",
                "on-finished": "^2.4.1",
                "qs": "^6.13.0",
                "raw-body": "^3.0.0",
                "type-is": "^2.0.0",
                "unpipe": "^1.0.0"
            },
            "engines": {
                "node": ">= 18"
            }
        },
        "node_modules/bytes": {
            "version": "4.0.0",
            "resolved": "https://registry.npmjs.org/bytes/-/bytes-4.0.0.tgz",
            "integrity": "sha512-TtLvBK9lb3K8+HibTDjW6Fv1Pks0QCJZV2ZO6m7oZ72lJvWOZzHCHvDLCjTLF6nKWvK/hT2Ps0l1e9bGCc7aQ==",
            "license": "MIT",
            "engines": {
                "node": ">= 18"
            }
        },
        "node_modules/content-disposition": {
            "version": "1.0.4",
            "resolved": "https://registry.npmjs.org/content-disposition/-/content-disposition-1.0.4.tgz",
            "integrity": "sha512-A8qKLDWwdTZO/HKPDPvmjWuFl9Oa90B5tYxKGVoX/yQXnDQFWrJF4ej+Rc6qTOkPLYVWuv2MKr1dQNOwLCJ2Q==",
            "license": "MIT",
            "dependencies": {
                "safe-buffer": "^5.2.1"
            },
            "engines": {
                "node": ">= 18"
            }
        },
        "node_modules/content-type": {
            "version": "1.0.5",
            "resolved": "https://registry.npmjs.org/content-type/-/content-type-1.0.5.tgz",
            "integrity": "sha512-nTjqfcBFEipKdXCv4YDQWCfmcLZKm81ldF0pAopTvyrFGVbcR6P/VAAd5G7N+0tTr8QqiU0tFadD6FK4NtJwOA==",
            "license": "MIT",
            "engines": {
                "node": ">= 18"
            }
        },
        "node_modules/cookie": {
            "version": "1.0.1",
            "resolved": "https://registry.npmjs.org/cookie/-/cookie-1.0.1.tgz",
            "integrity": "sha512-Xd8lFX4TjcXZ2K13fpEtilMuafiPMzOOEiQ6Wuk8rTY8BH7gVJx8XQ3pLf9k8ijLF7wYvQOgEKGmH7DWQMbwQ==",
            "license": "MIT",
            "engines": {
                "node": ">= 18"
            }
        },
        "node_modules/cookie-signature": {
            "version": "2.1.0",
            "resolved": "https://registry.npmjs.org/cookie-signature/-/cookie-signature-2.1.0.tgz",
            "integrity": "sha512-5Hf+G4jP4qfG0GG3gxAUsLjbPaZBFbxXLv3bWKFYt0D8MwFy7aq+sJgVj0M5iKbz6QzZ9pDBgLPvGP8u7GQOA==",
            "license": "MIT",
            "engines": {
                "node": ">= 18"
            }
        },
        "node_modules/debug": {
            "version": "4.4.0",
            "resolved": "https://registry.npmjs.org/debug/-/debug-4.4.0.tgz",
            "integrity": "sha512-6WTZ/IxCY/T6BALoZHaE4ctp9xm+Z5kY/pzYaCHRFeyVhojxlrm+46y68HA6hr0TcwEssoxNiDEUJQjfPZ/RYA==",
            "license": "MIT",
            "dependencies": {
                "ms": "^2.1.3"
            },
            "engines": {
                "node": ">= 18"
            }
        },
        "node_modules/depd": {
            "version": "2.0.0",
            "resolved": "https://registry.npmjs.org/depd/-/depd-2.0.0.tgz",
            "integrity": "sha512-g7nH6P6dyDioJogAAGprGpCtVImJhpPk/roCzdb3fIh61/s/nPsfR6onyMwkCAR/OlC3yBC0lESvUoQEAssIrw==",
            "license": "MIT",
            "engines": {
                "node": ">= 18"
            }
        },
        "node_modules/destroy": {
            "version": "1.2.0",
            "resolved": "https://registry.npmjs.org/destroy/-/destroy-1.2.0.tgz",
            "integrity": "sha512-2sJGJTaXIIaR1w4iJSNoN0hnMY7Gpc/n8D4qSCJw8QqFWXf7cuAgnEHxBpweaVcPevC2l3KpjYCx3NypQQgaJg==",
            "license": "MIT",
            "engines": {
                "node": ">= 18"
            }
        },
        "node_modules/ee-first": {
            "version": "1.1.1",
            "resolved": "https://registry.npmjs.org/ee-first/-/ee-first-1.1.1.tgz",
            "integrity": "sha512-WMwm9LhRUo+WUaRN+vRuETqG89IgZphVSNkdFgeb6sS/E4OrDIN7t48CAewSHXc6C8lefD8KKfr5vY61brQlow==",
            "license": "MIT"
        },
        "node_modules/encodeurl": {
            "version": "2.0.0",
            "resolved": "https://registry.npmjs.org/encodeurl/-/encodeurl-2.0.0.tgz",
            "integrity": "sha512-Q0n9HRi4m6JuGIV1eFlmvJB7ZEVxu93IrMyiMsGC0lrMJMWzRgx6WGquyfQgZVb31vhGgXnfmPNNXmxnOkRBrg==",
            "license": "MIT",
            "engines": {
                "node": ">= 18"
            }
        },
        "node_modules/escape-html": {
            "version": "1.0.3",
            "resolved": "https://registry.npmjs.org/escape-html/-/escape-html-1.0.3.tgz",
            "integrity": "sha512-NiSupZ4OeuGwr68lGIeym/ksIZMJodUGOSCZ/FSnTxcrekbvqrgdUxlJOMpijaKZVjAJrWrGs/6Jy8OMuyj9ow==",
            "license": "MIT"
        },
        "node_modules/etag": {
            "version": "1.8.1",
            "resolved": "https://registry.npmjs.org/etag/-/etag-1.8.1.tgz",
            "integrity": "sha512-aIL5Fx7mawVa300al2BnEE4iNvo1qETxLrPI/o05L7z6go7fCw1J6EQmbK4FmJ2AS7kgVF/KEZWufBfdClMcPg==",
            "license": "MIT",
            "engines": {
                "node": ">= 18"
            }
        },
        "node_modules/express": {
            "version": "5.1.0",
            "resolved": "https://registry.npmjs.org/express/-/express-5.1.0.tgz",
            "integrity": "sha512-9nHHUVPWfqUAPNmYwN2TN3bXMvME10Xm2hthh4ZvjOKRW6LmYYUOCj6eiKUy+vv7GZGW8rPsKJT0lGLxaLLuw==",
            "license": "MIT",
            "dependencies": {
                "accepts": "^2.0.0",
                "array-flatten": "^2.1.2",
                "body-parser": "^2.2.0",
                "content-disposition": "^1.0.4",
                "content-type": "^1.0.5",
                "cookie": "^1.0.1",
                "cookie-signature": "^2.1.0",
                "debug": "^4.4.0",
                "depd": "^2.0.0",
                "encodeurl": "^2.0.0",
                "escape-html": "^1.0.3",
                "etag": "^1.8.1",
                "finalhandler": "^2.0.0",
                "fresh": "^1.0.0",
                "http-errors": "^2.0.0",
                "merge-descriptors": "^2.0.0",
                "methods": "^2.0.1",
                "on-finished": "^2.4.1",
                "parseurl": "^2.0.0",
                "path-to-regexp": "^8.2.0",
                "proxy-addr": "^2.0.7",
                "qs": "^6.13.0",
                "range-parser": "^1.2.1",
                "safe-buffer": "^5.2.1",
                "send": "^1.1.0",
                "serve-static": "^2.1.0",
                "setprototypeof": "^1.2.0",
                "statuses": "^2.0.1",
                "type-is": "^2.0.0",
                "utils-merge": "^2.0.0",
                "vary": "^2.0.0"
            },
            "engines": {
                "node": ">= 18"
            }
        },
        "node_modules/finalhandler": {
            "version": "2.0.0",
            "resolved": "https://registry.npmjs.org/finalhandler/-/finalhandler-2.0.0.tgz",
            "integrity": "sha512-TtHvkTYRLYY1N2+CKxjQdCdJU5XJJvZmUlhz28LmyPJhAcNT3M7MQU8Bb8rHiAdwTHEPV6rNNDEkv/0RhIGXg==",
            "license": "MIT",
            "dependencies": {
                "debug": "^4.4.0",
                "encodeurl": "^2.0.0",
                "escape-html": "^1.0.3",
                "on-finished": "^2.4.1",
                "parseurl": "^2.0.0",
                "statuses": "^2.0.1",
                "unpipe": "^1.0.0"
            },
            "engines": {
                "node": ">= 18"
            }
        },
        "node_modules/fresh": {
            "version": "1.0.0",
            "resolved": "https://registry.npmjs.org/fresh/-/fresh-1.0.0.tgz",
            "integrity": "sha512-BnJLn6ZCQDWfBzHpidnM0jnqZ1zUXuGDhBl4t3vdIGAmgbsR/OJk8/PmpZEiG0Yr7XTIckczgJEWP3ZHiGhbg==",
            "license": "MIT",
            "engines": {
                "node": ">= 18"
            }
        },
        "node_modules/http-errors": {
            "version": "2.0.0",
            "resolved": "https://registry.npmjs.org/http-errors/-/http-errors-2.0.0.tgz",
            "integrity": "sha512-FtwrG/euBzaEjYeRqOgly7G0qviiXoJWnvEH2Z1plBdXgbyjv34pHTSb9zoeHMyDy33+DWy5Wt9Wo+TURtOYSQ==",
            "license": "MIT",
            "dependencies": {
                "depd": "^2.0.0",
                "inherits": "^2.0.4",
                "setprototypeof": "^1.2.0",
                "statuses": "^2.0.1",
                "toidentifier": "^1.0.1"
            },
            "engines": {
                "node": ">= 18"
            }
        },
        "node_modules/inherits": {
            "version": "2.0.4",
            "resolved": "https://registry.npmjs.org/inherits/-/inherits-2.0.4.tgz",
            "integrity": "sha512-k/vGaX4/Yla3WzyMCvTQOXYeIHvqOKtnqBduzTHpzpQZzAskKMhZ2K+EnBiSM9zGSoIFeMpXKxa4dYeZIQqewQ==",
            "license": "ISC"
        },
        "node_modules/media-typer": {
            "version": "1.1.0",
            "resolved": "https://registry.npmjs.org/media-typer/-/media-typer-1.1.0.tgz",
            "integrity": "sha512-aisnrDP4GNe06UcKFnV5bfMNPBUw4jsLGaWwWfnH3v02GnBuXX2MCVn5RbrWo0j3pczUilYblq7fQ7Nw2t5XKw==",
            "license": "MIT",
            "engines": {
                "node": ">= 18"
            }
        },
        "node_modules/merge-descriptors": {
            "version": "2.0.0",
            "resolved": "https://registry.npmjs.org/merge-descriptors/-/merge-descriptors-2.0.0.tgz",
            "integrity": "sha512-19An+2JFf4h2+eClIKGUMUDzxGc5bAdFnRUvlzpfMNgADMgbFhIZlPaHWHdFi8JO+q9kK9CJCjkEcjxLJTgRlg==",
            "license": "MIT",
            "funding": {
                "url": "https://github.com/sponsors/sindresorhus"
            }
        },
        "node_modules/methods": {
            "version": "2.0.1",
            "resolved": "https://registry.npmjs.org/methods/-/methods-2.0.1.tgz",
            "integrity": "sha512-OwZj8KISuRxgvVvS1Bq7OP+JtJr5EH5Dud5RfR9LGAhvCRfFBWG8QF7rJ5Mw8Kfo4u5pZA5lJfBJzEqUH2mEw==",
            "license": "MIT",
            "engines": {
                "node": ">= 18"
            }
        },
        "node_modules/mime": {
            "version": "2.6.0",
            "resolved": "https://registry.npmjs.org/mime/-/mime-2.6.0.tgz",
            "integrity": "sha512-USPkMeET31rOMiarsBNIHZKLGgvKc/LrjofAnBlOttf5ajRvqiRA8QsenbcooctK6d6Ts6aqZXBA+XbkKthiQg==",
            "license": "MIT",
            "bin": {
                "mime": "cli.js"
            },
            "engines": {
                "node": ">=4.0.0"
            }
        },
        "node_modules/mime-db": {
            "version": "1.52.0",
            "resolved": "https://registry.npmjs.org/mime-db/-/mime-db-1.52.0.tgz",
            "integrity": "sha512-sPU4uV7dYlvtWJxwwxHD0PuihVNiE7TyAbQ5SWxDCB9mUYvOgroQOwYQQOKPJ8CIbE+1ETVlOoK1UC2nU3gYvg==",
            "license": "MIT",
            "engines": {
                "node": ">= 0.6"
            }
        },
        "node_modules/mime-types": {
            "version": "3.0.0",
            "resolved": "https://registry.npmjs.org/mime-types/-/mime-types-3.0.0.tgz",
            "integrity": "sha512-DDDLLJWjAGn8T7ZJMjXvKN7j4ektJOLUtUXjiFJiA30dz27cEv+GlGjT/uKLHyOdQilAUXEgfCyb7t/7bISugg==",
            "license": "MIT",
            "dependencies": {
                "mime-db": "^1.52.0"
            },
            "engines": {
                "node": ">= 18"
            }
        },
        "node_modules/ms": {
            "version": "2.1.3",
            "resolved": "https://registry.npmjs.org/ms/-/ms-2.1.3.tgz",
            "integrity": "sha512-6FlzubTLZG3J2a/NVCAleEhjzq5oxgHyaCU9yYXvcLsvoVaHJq/s5xXI6/XXP6tz7R9xAOtHnSO/tXtF3WRTlA==",
            "license": "MIT"
        },
        "node_modules/negotiator": {
            "version": "1.0.0",
            "resolved": "https://registry.npmjs.org/negotiator/-/negotiator-1.0.0.tgz",
            "integrity": "sha512-vW6mYWiQoCHUZ3YLJlDG8eWPu+9rp8IwS4xEJDCg6G6z9cEhZ9FQ4PJVkCzVXTJjFG7RQYCdvQK4Lf4oH8Ugg==",
            "license": "MIT",
            "engines": {
                "node": ">= 18"
            }
        },
        "node_modules/on-finished": {
            "version": "2.4.1",
            "resolved": "https://registry.npmjs.org/on-finished/-/on-finished-2.4.1.tgz",
            "integrity": "sha512-oVlzkg3ENAhCk2zdv7IJwd/QUD4z2RxRwpkcGY8psCVcCYZNq4wYnVWALHM+brtuJjePWiYF/ClmuDr8Ch5+kg==",
            "license": "MIT",
            "dependencies": {
                "ee-first": "^1.1.1"
            },
            "engines": {
                "node": ">= 18"
            }
        },
        "node_modules/parseurl": {
            "version": "2.0.0",
            "resolved": "https://registry.npmjs.org/parseurl/-/parseurl-2.0.0.tgz",
            "integrity": "sha512-tbMZ/Y8qhGks5R8rT3ByCzVE1WT2CgAcOa9SKPqVr0SJzJg0Knln7NKnz8Pt7oB8ztO5LBwdX6W4GhS4wIy9g==",
            "license": "MIT",
            "engines": {
                "node": ">= 18"
            }
        },
        "node_modules/path-to-regexp": {
            "version": "8.2.0",
            "resolved": "https://registry.npmjs.org/path-to-regexp/-/path-to-regexp-8.2.0.tgz",
            "integrity": "sha512-TdrF7fW9Btlk74t8f/eD4af0Y9BzHbMew8f/pJS+ZLGWkOa0zUILvGVvO2tAzb0v4DgCDYn3ADcZhcwXFvs6aQ==",
            "license": "MIT"
        },
        "node_modules/proxy-addr": {
            "version": "2.0.7",
            "resolved": "https://registry.npmjs.org/proxy-addr/-/proxy-addr-2.0.7.tgz",
            "integrity": "sha512-llQsMLSUDUPT44jdrU/O37qlnifitDP+ZwrmmZcoSKyLKvtZxpyV0n2/bD/N4tBAAZ/gJEdZU7KMraoK1+XYAg==",
            "license": "MIT",
            "dependencies": {
                "forwarded": "^0.2.0",
                "ipaddr.js": "^1.9.1"
            },
            "engines": {
                "node": ">= 18"
            }
        },
        "node_modules/forwarded": {
            "version": "0.2.0",
            "resolved": "https://registry.npmjs.org/forwarded/-/forwarded-0.2.0.tgz",
            "integrity": "sha512-buRG0fpBtRHSTCOASe6hD258tEubFoRLb4ZNA6NxMVHNw2gOcwHo9wyablzMzOA5z9xA9L1KNjk/Nt6MT9aYow==",
            "license": "MIT",
            "engines": {
                "node": ">= 18"
            }
        },
        "node_modules/ipaddr.js": {
            "version": "1.9.1",
            "resolved": "https://registry.npmjs.org/ipaddr.js/-/ipaddr.js-1.9.1.tgz",
            "integrity": "sha512-0KI/607xoxSToH7GjN1FfSbLoU0+btTicjsQSWQlh/hZykN8KpmMf7uYwPW3R+akZ6R/w18ZlXSHBYXiYUPO3g==",
            "license": "MIT",
            "engines": {
                "node": ">= 18"
            }
        },
        "node_modules/qs": {
            "version": "6.13.0",
            "resolved": "https://registry.npmjs.org/qs/-/qs-6.13.0.tgz",
            "integrity": "sha512-+38qI9SOr8tfZ4QmJNplMUxqjbe7LKvvZgWdExBOmd+egZTtjLB67Gu0HRX3u/XOq7UU2Nx6nsjvS16Z9uwfpg==",
            "license": "BSD-3-Clause",
            "dependencies": {
                "side-channel": "^1.0.4"
            },
            "engines": {
                "node": ">= 18"
            }
        },
        "node_modules/side-channel": {
            "version": "1.0.4",
            "resolved": "https://registry.npmjs.org/side-channel/-/side-channel-1.0.4.tgz",
            "integrity": "sha512-q5XPytqFEIKHkGdiMIrY10mvLRvnQh42/+GoBlFW3b2LXLE2xxJpZFdm94we0BaoV3RwJyGqg5wS7epxTv0Zvw==",
            "license": "MIT",
            "dependencies": {
                "call-bind": "^1.0.0",
                "get-intrinsic": "^1.0.2",
                "object-inspect": "^1.9.0"
            }
        },
        "node_modules/call-bind": {
            "version": "1.0.2",
            "resolved": "https://registry.npmjs.org/call-bind/-/call-bind-1.0.2.tgz",
            "integrity": "sha512-7O+FbCihrB5WGbFYesctwmTKae6rOiIzmz1icreWJ+0aA7LJfuqhEso2T9ncpcFtzMQtzXf2QGGueWJGTYsqrA==",
            "license": "MIT",
            "dependencies": {
                "function-bind": "^1.1.1",
                "get-intrinsic": "^1.0.2"
            }
        },
        "node_modules/function-bind": {
            "version": "1.1.1",
            "resolved": "https://registry.npmjs.org/function-bind/-/function-bind-1.1.1.tgz",
            "integrity": "sha512-yIovAzMX49sF8Yl58fSCWJ5svSLuaibPxXQJFLmBObTuCr0Mf1KiPopGM9NiFjiYBCbfaa2Fh6breQ6ANVTI0A==",
            "license": "MIT"
        },
        "node_modules/get-intrinsic": {
            "version": "1.2.1",
            "resolved": "https://registry.npmjs.org/get-intrinsic/-/get-intrinsic-1.2.1.tgz",
            "integrity": "sha512-2DcsyfABl+gVHEfCOaTrWgyt+tb6MSEGmKq+kI5HwLbIYgjgmMcV8KQ41uaKz1xxUcn9tJtgFbQUEVcEbd0FYw==",
            "license": "MIT",
            "dependencies": {
                "function-bind": "^1.1.1",
                "has": "^1.0.3",
                "has-proto": "^1.0.1",
                "has-symbols": "^1.0.3"
            }
        },
        "node_modules/has": {
            "version": "1.0.3",
            "resolved": "https://registry.npmjs.org/has/-/has-1.0.3.tgz",
            "integrity": "sha512-f2dvO0VU6Oej7RkWJGrehjbzMAjFp5/VKPp5tTpWIV4JHHZK1/BxbFRtf/siA2SWTe09caDmVtYYzWEIbBS4zw==",
            "license": "MIT",
            "dependencies": {
                "function-bind": "^1.1.1"
            },
            "engines": {
                "node": ">= 0.4.0"
            }
        },
        "node_modules/has-proto": {
            "version": "1.0.1",
            "resolved": "https://registry.npmjs.org/has-proto/-/has-proto-1.0.1.tgz",
            "integrity": "sha512-7qE+iP+O+bgF9clE5+UoBFzE65mlBiVj3tKCrlNQ0Ogwm0BjpT/gK4SlLYDMybDh5I3TCTKnPPa0oMG7JDYrhg==",
            "license": "MIT",
            "engines": {
                "node": ">= 0.4"
            }
        },
        "node_modules/has-symbols": {
            "version": "1.0.3",
            "resolved": "https://registry.npmjs.org/has-symbols/-/has-symbols-1.0.3.tgz",
            "integrity": "sha512-l3LCuF6MgDNwTDKkdYGEihYjt5pRPbEg46rtlmnSPlUbgmB8LOIrKJbYYFBSbnPaJexMKtiPO8hmeRjRz2Td+A==",
            "license": "MIT",
            "engines": {
                "node": ">= 0.4"
            }
        },
        "node_modules/object-inspect": {
            "version": "1.12.3",
            "resolved": "https://registry.npmjs.org/object-inspect/-/object-inspect-1.12.3.tgz",
            "integrity": "sha512-geUvdk7c+eizMNUDkRpW1wJwgfOiOeHbxBR/hLXK1aT6zmVSO0jsQcs7fj6MGw89jC/cjGfLcNOrtMYtGqm81g==",
            "license": "MIT"
        },
        "node_modules/range-parser": {
            "version": "1.2.1",
            "resolved": "https://registry.npmjs.org/range-parser/-/range-parser-1.2.1.tgz",
            "integrity": "sha512-Hrgsx+orqoygnmhFbKaHE6c296J+HTAQXoxEF6gNupROmmGJRoyzfG3ccAveqCBrwr/2yxQ5BVd/GTl5agOwSg==",
            "license": "MIT",
            "engines": {
                "node": ">= 18"
            }
        },
        "node_modules/raw-body": {
            "version": "3.0.0",
            "resolved": "https://registry.npmjs.org/raw-body/-/raw-body-3.0.0.tgz",
            "integrity": "sha512-RmkhL8CAyCLNKzPMzaYoMCZjZylEhO0WnzUQLHo11uw82rBsTU9cCOYlUbWi1TCo1l7Db8PuCbOOy6efhJbBkw==",
            "license": "MIT",
            "dependencies": {
                "bytes": "^4.0.0",
                "http-errors": "^2.0.0",
                "unpipe": "^1.0.0"
            },
            "engines": {
                "node": ">= 18"
            }
        },
        "node_modules/safe-buffer": {
            "version": "5.2.1",
            "resolved": "https://registry.npmjs.org/safe-buffer/-/safe-buffer-5.2.1.tgz",
            "integrity": "sha512-rp3So07KcdmmKbGvgaNxQSJr7bGVSVk5S9Eq1F+ppbRo70+YeaDxkw5Dd8NPN+GD6bjnYm2VuPuCXmpuYvmCXQ==",
            "license": "MIT"
        },
        "node_modules/send": {
            "version": "1.1.0",
            "resolved": "https://registry.npmjs.org/send/-/send-1.1.0.tgz",
            "integrity": "sha512-W9jnlz7Vf8Q2oGLVu3Bd0sKHGhEsXVaKZIBZp+zf2sKgGWiw7J6OGw4VHjM4RuInxl5UM2b8DuGLXHq5FYLcQ==",
            "license": "MIT",
            "dependencies": {
                "debug": "^4.4.0",
                "depd": "^2.0.0",
                "destroy": "^1.2.0",
                "encodeurl": "^2.0.0",
                "escape-html": "^1.0.3",
                "etag": "^1.8.1",
                "fresh": "^1.0.0",
                "http-errors": "^2.0.0",
                "mime": "^2.6.0",
                "ms": "^2.1.3",
                "on-finished": "^2.4.1",
                "range-parser": "^1.2.1",
                "statuses": "^2.0.1"
            },
            "engines": {
                "node": ">= 18"
            }
        },
        "node_modules/serve-static": {
            "version": "2.1.0",
            "resolved": "https://registry.npmjs.org/serve-static/-/serve-static-2.1.0.tgz",
            "integrity": "sha512-C+nw4W1p0kiwFz8aQaLXV6TuL5VyXt0kxVQJxRvHyYuH8VCWX8B+bEEdxjNgNQ2GFZxf9MXq8tRWwqcvTgJfQ==",
            "license": "MIT",
            "dependencies": {
                "encodeurl": "^2.0.0",
                "escape-html": "^1.0.3",
                "parseurl": "^2.0.0",
                "send": "^1.1.0"
            },
            "engines": {
                "node": ">= 18"
            }
        },
        "node_modules/setprototypeof": {
            "version": "1.2.0",
            "resolved": "https://registry.npmjs.org/setprototypeof/-/setprototypeof-1.2.0.tgz",
            "integrity": "sha512-E5LDX7Wrp85Kil5bhZv46j8jOeboKq5JMmYM3gVGdGH8xFpPWXUMsNrlODCrkoxMEeNi/XZIwuRvY4XNwYMJpw==",
            "license": "ISC"
        },
        "node_modules/statuses": {
            "version": "2.0.1",
            "resolved": "https://registry.npmjs.org/statuses/-/statuses-2.0.1.tgz",
            "integrity": "sha512-RwNA9Z/7PrK06rYLIzFMlaF+l73iwpzsqRIFgbMLbTcLD6cOao82TaWefPXQvB2fOC4AjuYSEndS7N/mTCbkdQ==",
            "license": "MIT",
            "engines": {
                "node": ">= 18"
            }
        },
        "node_modules/toidentifier": {
            "version": "1.0.1",
            "resolved": "https://registry.npmjs.org/toidentifier/-/toidentifier-1.0.1.tgz",
            "integrity": "sha512-o5sSPKEkg/DIQNmH43V0/uerLrpzVedkUh8tGNvaeXpfpuwjKenlSox/2O/BTlZUtEe+JG7s5YhEz608PlAHRA==",
            "license": "MIT",
            "engines": {
                "node": ">=0.6"
            }
        },
        "node_modules/type-is": {
            "version": "2.0.0",
            "resolved": "https://registry.npmjs.org/type-is/-/type-is-2.0.0.tgz",
            "integrity": "sha512-KYuTuVX0S4Y4YfP+sJp4V5KMJHIKi9/Dg6zRw3QQBl8vwZWcf0cjBJvr4S3w4PQw6ZEUDJHa8hJFzLHl4Bh8A==",
            "license": "MIT",
            "dependencies": {
                "media-typer": "^1.1.0",
                "mime-types": "^3.0.0"
            },
            "engines": {
                "node": ">= 18"
            }
        },
        "node_modules/unpipe": {
            "version": "1.0.0",
            "resolved": "https://registry.npmjs.org/unpipe/-/unpipe-1.0.0.tgz",
            "integrity": "sha512-pjy2bYhSsufwWlKwPc+l3cN7+wuJlK6uz0YdJEOlQDbl6jo/YlPi4mb8agUkVC8BF7V8NuzeyPNqRksA3hztKQ==",
            "license": "MIT",
            "engines": {
                "node": ">= 18"
            }
        },
        "node_modules/utils-merge": {
            "version": "2.0.0",
            "resolved": "https://registry.npmjs.org/utils-merge/-/utils-merge-2.0.0.tgz",
            "integrity": "sha512-h+JboN0n/9gvDSTy7VFaZkyXLr5RlFVM1CgHcuY6FtEuaHX8adWbNPfm0PaFHcJL7bPv4B9Gh0oVwJ0ULzGvg==",
            "license": "MIT",
            "engines": {
                "node": ">= 18"
            }
        },
        "node_modules/vary": {
            "version": "2.0.0",
            "resolved": "https://registry.npmjs.org/vary/-/vary-2.0.0.tgz",
            "integrity": "sha512-r6Jn+pjbT9A5R6EABJ29hN4RLZZHmr6Jj+BsLG6gQ6a8KNtOLm0LYJlF8oIR1vKMwzxm6n1/6Crs4YIlFfmHw==",
            "license": "MIT",
            "engines": {
                "node": ">= 18"
            }
        }
    }
}
